{
    "_readme": [
        "This file locks the dependencies of your project to a known state",
        "Read more about it at http://getcomposer.org/doc/01-basic-usage.md#composer-lock-the-lock-file",
        "This file is @generated automatically"
    ],
    "hash": "ad89851a235fbd140c041a4fad5a4e65",
    "packages": [
        {
            "name": "ocramius/proxy-manager",
            "version": "1.0.x-dev",
            "source": {
                "type": "git",
                "url": "https://github.com/Ocramius/ProxyManager.git",
                "reference": "a80a39fac4fbd771aea7d3871929933a3a1bbf3e"
            },
            "dist": {
                "type": "zip",
                "url": "https://api.github.com/repos/Ocramius/ProxyManager/zipball/a80a39fac4fbd771aea7d3871929933a3a1bbf3e",
                "reference": "a80a39fac4fbd771aea7d3871929933a3a1bbf3e",
                "shasum": ""
            },
            "require": {
                "php": ">=5.3.3",
                "zendframework/zend-code": ">2.2.5,<3.0"
            },
            "require-dev": {
                "ext-phar": "*",
                "phpunit/phpunit": "~4.0",
                "squizlabs/php_codesniffer": "1.5.*"
            },
            "suggest": {
                "ocramius/generated-hydrator": "To have very fast object to array to object conversion for ghost objects",
                "zendframework/zend-json": "To have the JsonRpc adapter (Remote Object feature)",
                "zendframework/zend-soap": "To have the Soap adapter (Remote Object feature)",
                "zendframework/zend-stdlib": "To use the hydrator proxy",
                "zendframework/zend-xmlrpc": "To have the XmlRpc adapter (Remote Object feature)"
            },
            "type": "library",
            "extra": {
                "branch-alias": {
                    "dev-master": "2.0.x-dev"
                }
            },
            "autoload": {
                "psr-0": {
                    "ProxyManager\\": "src"
                }
            },
            "notification-url": "https://packagist.org/downloads/",
            "license": [
                "MIT"
            ],
            "authors": [
                {
                    "name": "Marco Pivetta",
                    "email": "ocramius@gmail.com",
                    "homepage": "http://ocramius.github.com/"
                }
            ],
            "description": "A library providing utilities to generate, instantiate and generally operate with Object Proxies",
            "homepage": "https://github.com/Ocramius/ProxyManager",
            "keywords": [
                "aop",
                "lazy loading",
                "proxy",
                "proxy pattern",
                "service proxies"
            ],
            "time": "2014-12-12 10:59:05"
        },
        {
            "name": "zendframework/zend-code",
            "version": "dev-develop",
            "target-dir": "Zend/Code",
            "source": {
                "type": "git",
                "url": "https://github.com/zendframework/Component_ZendCode.git",
                "reference": "c9cc60fa85c22a9acaba6925765eb48d0dfb8c28"
            },
            "dist": {
                "type": "zip",
                "url": "https://api.github.com/repos/zendframework/Component_ZendCode/zipball/c9cc60fa85c22a9acaba6925765eb48d0dfb8c28",
                "reference": "c9cc60fa85c22a9acaba6925765eb48d0dfb8c28",
                "shasum": ""
            },
            "require": {
                "php": ">=5.3.23",
                "zendframework/zend-eventmanager": "self.version"
            },
            "require-dev": {
                "doctrine/common": ">=2.1",
                "zendframework/zend-stdlib": "self.version"
            },
            "suggest": {
                "doctrine/common": "Doctrine\\Common >=2.1 for annotation features",
                "zendframework/zend-stdlib": "Zend\\Stdlib component"
            },
            "type": "library",
            "extra": {
                "branch-alias": {
                    "dev-master": "2.2-dev",
                    "dev-develop": "2.3-dev"
                }
            },
            "autoload": {
                "psr-0": {
                    "Zend\\Code\\": ""
                }
            },
            "notification-url": "https://packagist.org/downloads/",
            "license": [
                "BSD-3-Clause"
            ],
            "description": "provides facilities to generate arbitrary code using an object oriented interface",
            "keywords": [
                "code",
                "zf2"
            ],
            "time": "2014-03-05 16:00:14"
        },
        {
            "name": "zendframework/zend-eventmanager",
            "version": "dev-develop",
            "target-dir": "Zend/EventManager",
            "source": {
                "type": "git",
                "url": "https://github.com/zendframework/Component_ZendEventManager.git",
                "reference": "e232aeeab9ae6545ac21c8fc2728d54297969658"
            },
            "dist": {
                "type": "zip",
                "url": "https://api.github.com/repos/zendframework/Component_ZendEventManager/zipball/e232aeeab9ae6545ac21c8fc2728d54297969658",
                "reference": "e232aeeab9ae6545ac21c8fc2728d54297969658",
                "shasum": ""
            },
            "require": {
                "php": ">=5.3.3",
                "zendframework/zend-stdlib": "self.version"
            },
            "type": "library",
            "extra": {
                "branch-alias": {
                    "dev-master": "2.2-dev",
                    "dev-develop": "2.3-dev"
                }
            },
            "autoload": {
                "psr-0": {
                    "Zend\\EventManager\\": ""
                }
            },
            "notification-url": "https://packagist.org/downloads/",
            "license": [
                "BSD-3-Clause"
            ],
            "keywords": [
                "eventmanager",
                "zf2"
            ],
            "time": "2014-01-04 13:01:02"
        },
        {
            "name": "zendframework/zend-stdlib",
            "version": "dev-develop",
            "target-dir": "Zend/Stdlib",
            "source": {
                "type": "git",
                "url": "https://github.com/zendframework/Component_ZendStdlib.git",
                "reference": "3acce3d524c5c5b7e92c90b0c2763068c1efaf2c"
            },
            "dist": {
                "type": "zip",
                "url": "https://api.github.com/repos/zendframework/Component_ZendStdlib/zipball/3acce3d524c5c5b7e92c90b0c2763068c1efaf2c",
                "reference": "3acce3d524c5c5b7e92c90b0c2763068c1efaf2c",
                "shasum": ""
            },
            "require": {
                "php": ">=5.3.23"
            },
            "require-dev": {
                "zendframework/zend-eventmanager": "self.version",
                "zendframework/zend-serializer": "self.version",
                "zendframework/zend-servicemanager": "self.version"
            },
            "suggest": {
                "zendframework/zend-eventmanager": "To support aggregate hydrator usage",
                "zendframework/zend-serializer": "Zend\\Serializer component",
                "zendframework/zend-servicemanager": "To support hydrator plugin manager usage"
            },
            "type": "library",
            "extra": {
                "branch-alias": {
                    "dev-master": "2.2-dev",
                    "dev-develop": "2.3-dev"
                }
            },
            "autoload": {
                "psr-0": {
                    "Zend\\Stdlib\\": ""
                }
            },
            "notification-url": "https://packagist.org/downloads/",
            "license": [
                "BSD-3-Clause"
            ],
            "keywords": [
                "stdlib",
                "zf2"
            ],
            "time": "2014-03-13 16:12:22"
        }
    ],
    "packages-dev": [],
    "aliases": [],
    "minimum-stability": "dev",
    "stability-flags": [],
    "prefer-stable": false,
    "prefer-lowest": false,
    "platform": [],
    "platform-dev": []
}
